
Microsoft Visual Studio Solution File, Format Version 12.00
# Visual Studio Version 17
VisualStudioVersion = 17.7.34024.191
MinimumVisualStudioVersion = 10.0.40219.1
Project("{FAE04EC0-301F-11D3-BF4B-00C04F79EFBC}") = "E1", "E1\E1.csproj", "{B4A994B5-4FD1-45EB-B0AC-B309135641C2}"
EndProject
Project("{FAE04EC0-301F-11D3-BF4B-00C04F79EFBC}") = "E2", "E2\E2.csproj", "{F990DF9E-AAF9-497E-B3A7-8AB9C52DDBDD}"
EndProject
Global
	GlobalSection(SolutionConfigurationPlatforms) = preSolution
		Debug|Any CPU = Debug|Any CPU
		Release|Any CPU = Release|Any CPU
	EndGlobalSection
	GlobalSection(ProjectConfigurationPlatforms) = postSolution
		{B4A994B5-4FD1-45EB-B0AC-B309135641C2}.Debug|Any CPU.ActiveCfg = Debug|Any CPU
		{B4A994B5-4FD1-45EB-B0AC-B309135641C2}.Debug|Any CPU.Build.0 = Debug|Any CPU
		{B4A994B5-4FD1-45EB-B0AC-B309135641C2}.Release|Any CPU.ActiveCfg = Release|Any CPU
		{B4A994B5-4FD1-45EB-B0AC-B309135641C2}.Release|Any CPU.Build.0 = Release|Any CPU
		{F990DF9E-AAF9-497E-B3A7-8AB9C52DDBDD}.Debug|Any CPU.ActiveCfg = Debug|Any CPU
		{F990DF9E-AAF9-497E-B3A7-8AB9C52DDBDD}.Debug|Any CPU.Build.0 = Debug|Any CPU
		{F990DF9E-AAF9-497E-B3A7-8AB9C52DDBDD}.Release|Any CPU.ActiveCfg = Release|Any CPU
		{F990DF9E-AAF9-497E-B3A7-8AB9C52DDBDD}.Release|Any CPU.Build.0 = Release|Any CPU
	EndGlobalSection
	GlobalSection(SolutionProperties) = preSolution
		HideSolutionNode = FALSE
	EndGlobalSection
	GlobalSection(ExtensibilityGlobals) = postSolution
		SolutionGuid = {59DCA492-8E6A-434F-9BDD-19E4610E5DD1}
	EndGlobalSection
EndGlobal
