
Microsoft Visual Studio Solution File, Format Version 12.00
# Visual Studio Version 17
VisualStudioVersion = 17.7.34024.191
MinimumVisualStudioVersion = 10.0.40219.1
Project("{FAE04EC0-301F-11D3-BF4B-00C04F79EFBC}") = "E1", "E1\E1.csproj", "{B4A994B5-4FD1-45EB-B0AC-B309135641C2}"
EndProject
Project("{FAE04EC0-301F-11D3-BF4B-00C04F79EFBC}") = "E2", "E2\E2.csproj", "{F990DF9E-AAF9-497E-B3A7-8AB9C52DDBDD}"
EndProject
Project("{FAE04EC0-301F-11D3-BF4B-00C04F79EFBC}") = "E3", "E3\E3.csproj", "{432E9BDD-AFCA-4CE6-9F4A-8B490784FD54}"
EndProject
Project("{FAE04EC0-301F-11D3-BF4B-00C04F79EFBC}") = "E4", "E4\E4.csproj", "{F267EABD-E31F-4931-8C96-90DD069FA46B}"
EndProject
Project("{FAE04EC0-301F-11D3-BF4B-00C04F79EFBC}") = "E5", "E5\E5.csproj", "{4114CA21-F153-4049-B4B4-6220E9B1F3C5}"
EndProject
Project("{FAE04EC0-301F-11D3-BF4B-00C04F79EFBC}") = "E6", "E6\E6.csproj", "{F2699EA1-2A31-46AD-A223-08ABF557262F}"
EndProject
Project("{FAE04EC0-301F-11D3-BF4B-00C04F79EFBC}") = "E7", "E7\E7.csproj", "{D0BF6582-42A1-463A-9B09-671F6C2B9FD2}"
EndProject
Project("{FAE04EC0-301F-11D3-BF4B-00C04F79EFBC}") = "E8", "E8\E8.csproj", "{B3964331-9BE0-4A2E-B195-96EF271F1C5C}"
EndProject
Project("{FAE04EC0-301F-11D3-BF4B-00C04F79EFBC}") = "E9", "E9\E9.csproj", "{E17927DA-C4ED-4366-8F15-1E70069D66F9}"
EndProject
Global
	GlobalSection(SolutionConfigurationPlatforms) = preSolution
		Debug|Any CPU = Debug|Any CPU
		Release|Any CPU = Release|Any CPU
	EndGlobalSection
	GlobalSection(ProjectConfigurationPlatforms) = postSolution
		{B4A994B5-4FD1-45EB-B0AC-B309135641C2}.Debug|Any CPU.ActiveCfg = Debug|Any CPU
		{B4A994B5-4FD1-45EB-B0AC-B309135641C2}.Debug|Any CPU.Build.0 = Debug|Any CPU
		{B4A994B5-4FD1-45EB-B0AC-B309135641C2}.Release|Any CPU.ActiveCfg = Release|Any CPU
		{B4A994B5-4FD1-45EB-B0AC-B309135641C2}.Release|Any CPU.Build.0 = Release|Any CPU
		{F990DF9E-AAF9-497E-B3A7-8AB9C52DDBDD}.Debug|Any CPU.ActiveCfg = Debug|Any CPU
		{F990DF9E-AAF9-497E-B3A7-8AB9C52DDBDD}.Debug|Any CPU.Build.0 = Debug|Any CPU
		{F990DF9E-AAF9-497E-B3A7-8AB9C52DDBDD}.Release|Any CPU.ActiveCfg = Release|Any CPU
		{F990DF9E-AAF9-497E-B3A7-8AB9C52DDBDD}.Release|Any CPU.Build.0 = Release|Any CPU
		{432E9BDD-AFCA-4CE6-9F4A-8B490784FD54}.Debug|Any CPU.ActiveCfg = Debug|Any CPU
		{432E9BDD-AFCA-4CE6-9F4A-8B490784FD54}.Debug|Any CPU.Build.0 = Debug|Any CPU
		{432E9BDD-AFCA-4CE6-9F4A-8B490784FD54}.Release|Any CPU.ActiveCfg = Release|Any CPU
		{432E9BDD-AFCA-4CE6-9F4A-8B490784FD54}.Release|Any CPU.Build.0 = Release|Any CPU
		{F267EABD-E31F-4931-8C96-90DD069FA46B}.Debug|Any CPU.ActiveCfg = Debug|Any CPU
		{F267EABD-E31F-4931-8C96-90DD069FA46B}.Debug|Any CPU.Build.0 = Debug|Any CPU
		{F267EABD-E31F-4931-8C96-90DD069FA46B}.Release|Any CPU.ActiveCfg = Release|Any CPU
		{F267EABD-E31F-4931-8C96-90DD069FA46B}.Release|Any CPU.Build.0 = Release|Any CPU
		{4114CA21-F153-4049-B4B4-6220E9B1F3C5}.Debug|Any CPU.ActiveCfg = Debug|Any CPU
		{4114CA21-F153-4049-B4B4-6220E9B1F3C5}.Debug|Any CPU.Build.0 = Debug|Any CPU
		{4114CA21-F153-4049-B4B4-6220E9B1F3C5}.Release|Any CPU.ActiveCfg = Release|Any CPU
		{4114CA21-F153-4049-B4B4-6220E9B1F3C5}.Release|Any CPU.Build.0 = Release|Any CPU
		{F2699EA1-2A31-46AD-A223-08ABF557262F}.Debug|Any CPU.ActiveCfg = Debug|Any CPU
		{F2699EA1-2A31-46AD-A223-08ABF557262F}.Debug|Any CPU.Build.0 = Debug|Any CPU
		{F2699EA1-2A31-46AD-A223-08ABF557262F}.Release|Any CPU.ActiveCfg = Release|Any CPU
		{F2699EA1-2A31-46AD-A223-08ABF557262F}.Release|Any CPU.Build.0 = Release|Any CPU
		{D0BF6582-42A1-463A-9B09-671F6C2B9FD2}.Debug|Any CPU.ActiveCfg = Debug|Any CPU
		{D0BF6582-42A1-463A-9B09-671F6C2B9FD2}.Debug|Any CPU.Build.0 = Debug|Any CPU
		{D0BF6582-42A1-463A-9B09-671F6C2B9FD2}.Release|Any CPU.ActiveCfg = Release|Any CPU
		{D0BF6582-42A1-463A-9B09-671F6C2B9FD2}.Release|Any CPU.Build.0 = Release|Any CPU
		{B3964331-9BE0-4A2E-B195-96EF271F1C5C}.Debug|Any CPU.ActiveCfg = Debug|Any CPU
		{B3964331-9BE0-4A2E-B195-96EF271F1C5C}.Debug|Any CPU.Build.0 = Debug|Any CPU
		{B3964331-9BE0-4A2E-B195-96EF271F1C5C}.Release|Any CPU.ActiveCfg = Release|Any CPU
		{B3964331-9BE0-4A2E-B195-96EF271F1C5C}.Release|Any CPU.Build.0 = Release|Any CPU
		{E17927DA-C4ED-4366-8F15-1E70069D66F9}.Debug|Any CPU.ActiveCfg = Debug|Any CPU
		{E17927DA-C4ED-4366-8F15-1E70069D66F9}.Debug|Any CPU.Build.0 = Debug|Any CPU
		{E17927DA-C4ED-4366-8F15-1E70069D66F9}.Release|Any CPU.ActiveCfg = Release|Any CPU
		{E17927DA-C4ED-4366-8F15-1E70069D66F9}.Release|Any CPU.Build.0 = Release|Any CPU
	EndGlobalSection
	GlobalSection(SolutionProperties) = preSolution
		HideSolutionNode = FALSE
	EndGlobalSection
	GlobalSection(ExtensibilityGlobals) = postSolution
		SolutionGuid = {59DCA492-8E6A-434F-9BDD-19E4610E5DD1}
	EndGlobalSection
EndGlobal
